
Microsoft Visual Studio Solution File, Format Version 12.00
# Visual Studio Version 17
VisualStudioVersion = 17.8.34330.188
MinimumVisualStudioVersion = 10.0.40219.1
Project("{9A19103F-16F7-4668-BE54-9A1E7A4F7556}") = "monogame.testes", "monogame.testes\monogame.testes.csproj", "{1E3908FF-72D8-420A-8FDE-06AA013E3D5A}"
EndProject
Project("{FAE04EC0-301F-11D3-BF4B-00C04F79EFBC}") = "JogoDaVelha", "JogoDaVelha\JogoDaVelha.csproj", "{76C996DA-FDBE-49D9-AB9F-0344E9743E4A}"
EndProject
Project("{FAE04EC0-301F-11D3-BF4B-00C04F79EFBC}") = "GameHandlers", "GameHandlers\GameHandlers.csproj", "{EEACF9F3-C6B0-4E9F-BA64-63F21C66DCA4}"
EndProject
Global
	GlobalSection(SolutionConfigurationPlatforms) = preSolution
		Debug|Any CPU = Debug|Any CPU
		Release|Any CPU = Release|Any CPU
	EndGlobalSection
	GlobalSection(ProjectConfigurationPlatforms) = postSolution
		{1E3908FF-72D8-420A-8FDE-06AA013E3D5A}.Debug|Any CPU.ActiveCfg = Debug|Any CPU
		{1E3908FF-72D8-420A-8FDE-06AA013E3D5A}.Debug|Any CPU.Build.0 = Debug|Any CPU
		{1E3908FF-72D8-420A-8FDE-06AA013E3D5A}.Release|Any CPU.ActiveCfg = Release|Any CPU
		{1E3908FF-72D8-420A-8FDE-06AA013E3D5A}.Release|Any CPU.Build.0 = Release|Any CPU
		{76C996DA-FDBE-49D9-AB9F-0344E9743E4A}.Debug|Any CPU.ActiveCfg = Debug|Any CPU
		{76C996DA-FDBE-49D9-AB9F-0344E9743E4A}.Debug|Any CPU.Build.0 = Debug|Any CPU
		{76C996DA-FDBE-49D9-AB9F-0344E9743E4A}.Release|Any CPU.ActiveCfg = Release|Any CPU
		{76C996DA-FDBE-49D9-AB9F-0344E9743E4A}.Release|Any CPU.Build.0 = Release|Any CPU
		{EEACF9F3-C6B0-4E9F-BA64-63F21C66DCA4}.Debug|Any CPU.ActiveCfg = Debug|Any CPU
		{EEACF9F3-C6B0-4E9F-BA64-63F21C66DCA4}.Debug|Any CPU.Build.0 = Debug|Any CPU
		{EEACF9F3-C6B0-4E9F-BA64-63F21C66DCA4}.Release|Any CPU.ActiveCfg = Release|Any CPU
		{EEACF9F3-C6B0-4E9F-BA64-63F21C66DCA4}.Release|Any CPU.Build.0 = Release|Any CPU
	EndGlobalSection
	GlobalSection(SolutionProperties) = preSolution
		HideSolutionNode = FALSE
	EndGlobalSection
	GlobalSection(ExtensibilityGlobals) = postSolution
		SolutionGuid = {56A978CE-15D3-4249-8F65-B5BFBBEC2928}
	EndGlobalSection
EndGlobal
