
Microsoft Visual Studio Solution File, Format Version 12.00
# Visual Studio Version 17
VisualStudioVersion = 17.7.34031.279
MinimumVisualStudioVersion = 10.0.40219.1
Project("{9A19103F-16F7-4668-BE54-9A1E7A4F7556}") = "monogame", "monogame\monogame.csproj", "{EFC3137B-6112-442C-9C30-9D08B9BD22C0}"
EndProject
Project("{FAE04EC0-301F-11D3-BF4B-00C04F79EFBC}") = "monogame.testes", "monogame.testes\monogame.testes.csproj", "{485A569B-95F9-41C4-B471-7E1FCC62205C}"
EndProject
Global
	GlobalSection(SolutionConfigurationPlatforms) = preSolution
		Debug|Any CPU = Debug|Any CPU
		Release|Any CPU = Release|Any CPU
	EndGlobalSection
	GlobalSection(ProjectConfigurationPlatforms) = postSolution
		{EFC3137B-6112-442C-9C30-9D08B9BD22C0}.Debug|Any CPU.ActiveCfg = Debug|Any CPU
		{EFC3137B-6112-442C-9C30-9D08B9BD22C0}.Debug|Any CPU.Build.0 = Debug|Any CPU
		{EFC3137B-6112-442C-9C30-9D08B9BD22C0}.Release|Any CPU.ActiveCfg = Release|Any CPU
		{EFC3137B-6112-442C-9C30-9D08B9BD22C0}.Release|Any CPU.Build.0 = Release|Any CPU
		{485A569B-95F9-41C4-B471-7E1FCC62205C}.Debug|Any CPU.ActiveCfg = Debug|Any CPU
		{485A569B-95F9-41C4-B471-7E1FCC62205C}.Debug|Any CPU.Build.0 = Debug|Any CPU
		{485A569B-95F9-41C4-B471-7E1FCC62205C}.Release|Any CPU.ActiveCfg = Release|Any CPU
		{485A569B-95F9-41C4-B471-7E1FCC62205C}.Release|Any CPU.Build.0 = Release|Any CPU
	EndGlobalSection
	GlobalSection(SolutionProperties) = preSolution
		HideSolutionNode = FALSE
	EndGlobalSection
	GlobalSection(ExtensibilityGlobals) = postSolution
		SolutionGuid = {4E7273BC-C95C-410C-A54E-9CEC367556E2}
	EndGlobalSection
EndGlobal
